{
  "name": "tinyjoin-compare-benchmarks",
  "lockfileVersion": 3,
  "requires": true,
  "packages": {
    "": {
      "name": "tinyjoin-compare-benchmarks",
      "dependencies": {
        "@electric-sql/pglite": "0.5.8",
        "@sqlite.org/sqlite-wasm": "3.53.4-build1"
      }
    },
    "node_modules/@electric-sql/pglite": {
      "version": "0.5.8",
      "resolved": "https://registry.npmjs.org/@electric-sql/pglite/-/pglite-0.5.8.tgz",
      "integrity": "sha512-n9tsbUOhwx2epK1V0ZG9Ar4SHWUju04dhmzZXiSBXwBoleOvIfals33NAaWgagQVAL4Rbvx/Ptsu3P+pA09f6Q==",
      "license": "Apache-2.0"
    },
    "node_modules/@sqlite.org/sqlite-wasm": {
      "version": "3.53.4-build1",
      "resolved": "https://registry.npmjs.org/@sqlite.org/sqlite-wasm/-/sqlite-wasm-3.53.4-build1.tgz",
      "integrity": "sha512-U8pvL0patYHMgieD8JxxYJTlh9m1LUX8+BDYb7MiKQzBI89f2qbdmdcG/PvnPaLm9wsBbv4VlVG453ixnxBOnA==",
      "license": "Apache-2.0",
      "workspaces": [
        "demos/*"
      ],
      "engines": {
        "node": ">=22"
      }
    }
  }
}
